
Microsoft Visual Studio Solution File, Format Version 12.00
# Visual Studio Version 17
VisualStudioVersion = 17.8.34309.116
MinimumVisualStudioVersion = 10.0.40219.1
Project("{FAE04EC0-301F-11D3-BF4B-00C04F79EFBC}") = "BOOK_SYSTEM", "BOOK_SYSTEM.csproj", "{09E76886-0788-4063-8EFA-09D8E92B5532}"
EndProject
Global
	GlobalSection(SolutionConfigurationPlatforms) = preSolution
		Debug|Any CPU = Debug|Any CPU
		Release|Any CPU = Release|Any CPU
	EndGlobalSection
	GlobalSection(ProjectConfigurationPlatforms) = postSolution
		{09E76886-0788-4063-8EFA-09D8E92B5532}.Debug|Any CPU.ActiveCfg = Debug|Any CPU
		{09E76886-0788-4063-8EFA-09D8E92B5532}.Debug|Any CPU.Build.0 = Debug|Any CPU
		{09E76886-0788-4063-8EFA-09D8E92B5532}.Release|Any CPU.ActiveCfg = Release|Any CPU
		{09E76886-0788-4063-8EFA-09D8E92B5532}.Release|Any CPU.Build.0 = Release|Any CPU
	EndGlobalSection
	GlobalSection(SolutionProperties) = preSolution
		HideSolutionNode = FALSE
	EndGlobalSection
	GlobalSection(ExtensibilityGlobals) = postSolution
		SolutionGuid = {8C62C25B-7FB2-4D19-96C0-651673EDE252}
	EndGlobalSection
EndGlobal
